
Microsoft Visual Studio Solution File, Format Version 12.00
# Visual Studio Version 17
VisualStudioVersion = 17.0.31903.59
MinimumVisualStudioVersion = 10.0.40219.1
Project("{9A19103F-16F7-4668-BE54-9A1E7A4F7556}") = "CCDRS", "CCDRS\CCDRS.csproj", "{86765EA5-82B4-44F5-85B9-F138293A9B87}"
EndProject
Project("{FAE04EC0-301F-11D3-BF4B-00C04F79EFBC}") = "CCDRSManager", "CCDRSManager\CCDRSManager.csproj", "{172FA2FB-C707-4ECD-A403-8DF4F71CB3A2}"
EndProject
Global
	GlobalSection(SolutionConfigurationPlatforms) = preSolution
		Debug|Any CPU = Debug|Any CPU
		Release|Any CPU = Release|Any CPU
	EndGlobalSection
	GlobalSection(ProjectConfigurationPlatforms) = postSolution
		{86765EA5-82B4-44F5-85B9-F138293A9B87}.Debug|Any CPU.ActiveCfg = Debug|Any CPU
		{86765EA5-82B4-44F5-85B9-F138293A9B87}.Debug|Any CPU.Build.0 = Debug|Any CPU
		{86765EA5-82B4-44F5-85B9-F138293A9B87}.Release|Any CPU.ActiveCfg = Release|Any CPU
		{86765EA5-82B4-44F5-85B9-F138293A9B87}.Release|Any CPU.Build.0 = Release|Any CPU
		{172FA2FB-C707-4ECD-A403-8DF4F71CB3A2}.Debug|Any CPU.ActiveCfg = Debug|Any CPU
		{172FA2FB-C707-4ECD-A403-8DF4F71CB3A2}.Debug|Any CPU.Build.0 = Debug|Any CPU
		{172FA2FB-C707-4ECD-A403-8DF4F71CB3A2}.Release|Any CPU.ActiveCfg = Release|Any CPU
		{172FA2FB-C707-4ECD-A403-8DF4F71CB3A2}.Release|Any CPU.Build.0 = Release|Any CPU
	EndGlobalSection
	GlobalSection(SolutionProperties) = preSolution
		HideSolutionNode = FALSE
	EndGlobalSection
	GlobalSection(ExtensibilityGlobals) = postSolution
		SolutionGuid = {DD0B2D51-8953-46E1-B722-C1EA1083AD81}
	EndGlobalSection
EndGlobal
